
Microsoft Visual Studio Solution File, Format Version 12.00
# Visual Studio Version 17
VisualStudioVersion = 17.4.33122.133
MinimumVisualStudioVersion = 10.0.40219.1
Project("{FAE04EC0-301F-11D3-BF4B-00C04F79EFBC}") = "project dr samir 1", "project dr samir 1.csproj", "{B1E25D30-D895-441E-8F17-BF842880D0D9}"
EndProject
Global
	GlobalSection(SolutionConfigurationPlatforms) = preSolution
		Debug|Any CPU = Debug|Any CPU
		Release|Any CPU = Release|Any CPU
	EndGlobalSection
	GlobalSection(ProjectConfigurationPlatforms) = postSolution
		{B1E25D30-D895-441E-8F17-BF842880D0D9}.Debug|Any CPU.ActiveCfg = Debug|Any CPU
		{B1E25D30-D895-441E-8F17-BF842880D0D9}.Debug|Any CPU.Build.0 = Debug|Any CPU
		{B1E25D30-D895-441E-8F17-BF842880D0D9}.Release|Any CPU.ActiveCfg = Release|Any CPU
		{B1E25D30-D895-441E-8F17-BF842880D0D9}.Release|Any CPU.Build.0 = Release|Any CPU
	EndGlobalSection
	GlobalSection(SolutionProperties) = preSolution
		HideSolutionNode = FALSE
	EndGlobalSection
	GlobalSection(ExtensibilityGlobals) = postSolution
		SolutionGuid = {9A3D30A3-AEF7-4305-B874-6440DB27F308}
	EndGlobalSection
EndGlobal
